
Microsoft Visual Studio Solution File, Format Version 12.00
# Visual Studio Version 17
VisualStudioVersion = 17.8.34511.84
MinimumVisualStudioVersion = 10.0.40219.1
Project("{9A19103F-16F7-4668-BE54-9A1E7A4F7556}") = "Minecraft-Realms-Emulator", "Minecraft-Realms-Emulator\Minecraft-Realms-Emulator.csproj", "{A9A21AAF-EF1B-4723-9407-51FD6B831B98}"
EndProject
Global
	GlobalSection(SolutionConfigurationPlatforms) = preSolution
		Debug|Any CPU = Debug|Any CPU
		Release|Any CPU = Release|Any CPU
	EndGlobalSection
	GlobalSection(ProjectConfigurationPlatforms) = postSolution
		{A9A21AAF-EF1B-4723-9407-51FD6B831B98}.Debug|Any CPU.ActiveCfg = Debug|Any CPU
		{A9A21AAF-EF1B-4723-9407-51FD6B831B98}.Debug|Any CPU.Build.0 = Debug|Any CPU
		{A9A21AAF-EF1B-4723-9407-51FD6B831B98}.Release|Any CPU.ActiveCfg = Release|Any CPU
		{A9A21AAF-EF1B-4723-9407-51FD6B831B98}.Release|Any CPU.Build.0 = Release|Any CPU
	EndGlobalSection
	GlobalSection(SolutionProperties) = preSolution
		HideSolutionNode = FALSE
	EndGlobalSection
	GlobalSection(ExtensibilityGlobals) = postSolution
		SolutionGuid = {BA6B23CA-D2DE-4AD2-9958-A8A4E3976210}
	EndGlobalSection
EndGlobal
